# THIS IS AN AUTOGENERATED FILE. DO NOT EDIT THIS FILE DIRECTLY.
# yarn lockfile v1


sweetalert2@^11.4.28:
  version "11.4.28"
  resolved "https://registry.yarnpkg.com/sweetalert2/-/sweetalert2-11.4.28.tgz#651bd309768dceb62c1cb8e3ff4bfa5121195ef6"
  integrity sha512-leCf8Kc/o+R0LNWmLjWXI7l0roMchEHg6X+XibmfTYaOMvOoHXmoxmegHl0it+8vvvZlPIjzyfM6bYBOKTFnRg==
