# THIS IS AN AUTOGENERATED FILE. DO NOT EDIT THIS FILE DIRECTLY.
# yarn lockfile v1


sweetalert2@^11.4.26:
  version "11.4.26"
  resolved "https://registry.yarnpkg.com/sweetalert2/-/sweetalert2-11.4.26.tgz#a09aa01dda9b430f411531c8e2e998e3bc92ab17"
  integrity sha512-YqH/C6IPudeWVK9R0x3pCOqP7m90Ae50tl98SQBpAwL3+UBl1WYD2+5OaKy0ybiVTKbYe76wwJ3PV+bITLjl+A==
